
Microsoft Visual Studio Solution File, Format Version 12.00
# Visual Studio Version 17
VisualStudioVersion = 17.10.35122.118
MinimumVisualStudioVersion = 10.0.40219.1
Project("{9A19103F-16F7-4668-BE54-9A1E7A4F7556}") = "realTest1", "realTest1\realTest1.csproj", "{418772D3-D34B-46BA-9995-B6C3F48BBD31}"
EndProject
Global
	GlobalSection(SolutionConfigurationPlatforms) = preSolution
		Debug|Any CPU = Debug|Any CPU
		Release|Any CPU = Release|Any CPU
	EndGlobalSection
	GlobalSection(ProjectConfigurationPlatforms) = postSolution
		{418772D3-D34B-46BA-9995-B6C3F48BBD31}.Debug|Any CPU.ActiveCfg = Debug|Any CPU
		{418772D3-D34B-46BA-9995-B6C3F48BBD31}.Debug|Any CPU.Build.0 = Debug|Any CPU
		{418772D3-D34B-46BA-9995-B6C3F48BBD31}.Release|Any CPU.ActiveCfg = Release|Any CPU
		{418772D3-D34B-46BA-9995-B6C3F48BBD31}.Release|Any CPU.Build.0 = Release|Any CPU
	EndGlobalSection
	GlobalSection(SolutionProperties) = preSolution
		HideSolutionNode = FALSE
	EndGlobalSection
	GlobalSection(ExtensibilityGlobals) = postSolution
		SolutionGuid = {80992EAC-70B0-41B2-AB45-762084792080}
	EndGlobalSection
EndGlobal
